// !$*UTF8*$!
{
	archiveVersion = 1;
	classes = {
	};
	objectVersion = 50;
	objects = {

/* Begin PBXBuildFile section */
		104D8030240573AF00001437 /* AppDelegate.swift in Sources */ = {isa = PBXBuildFile; fileRef = 104D802F240573AF00001437 /* AppDelegate.swift */; };
		104D8032240573AF00001437 /* SceneDelegate.swift in Sources */ = {isa = PBXBuildFile; fileRef = 104D8031240573AF00001437 /* SceneDelegate.swift */; };
		104D8034240573AF00001437 /* App.swift in Sources */ = {isa = PBXBuildFile; fileRef = 104D8033240573AF00001437 /* App.swift */; };
		104D8036240573B100001437 /* Assets.xcassets in Resources */ = {isa = PBXBuildFile; fileRef = 104D8035240573B100001437 /* Assets.xcassets */; };
		104D8039240573B100001437 /* Preview Assets.xcassets in Resources */ = {isa = PBXBuildFile; fileRef = 104D8038240573B100001437 /* Preview Assets.xcassets */; };
		104D803C240573B100001437 /* LaunchScreen.storyboard in Resources */ = {isa = PBXBuildFile; fileRef = 104D803A240573B100001437 /* LaunchScreen.storyboard */; };
		104D8047240573B100001437 /* Projet_AWI___MobileTests.swift in Sources */ = {isa = PBXBuildFile; fileRef = 104D8046240573B100001437 /* Projet_AWI___MobileTests.swift */; };
		104D8052240573B100001437 /* Projet_AWI___MobileUITests.swift in Sources */ = {isa = PBXBuildFile; fileRef = 104D8051240573B100001437 /* Projet_AWI___MobileUITests.swift */; };
		618D1A7A24058B9B009D311D /* Logo.swift in Sources */ = {isa = PBXBuildFile; fileRef = 618D1A7924058B9B009D311D /* Logo.swift */; };
		618D1A7F240590A7009D311D /* Form.swift in Sources */ = {isa = PBXBuildFile; fileRef = 618D1A7E240590A7009D311D /* Form.swift */; };
		618D1A822405D0BE009D311D /* RegisterView.swift in Sources */ = {isa = PBXBuildFile; fileRef = 618D1A812405D0BE009D311D /* RegisterView.swift */; };
/* End PBXBuildFile section */

/* Begin PBXContainerItemProxy section */
		104D8043240573B100001437 /* PBXContainerItemProxy */ = {
			isa = PBXContainerItemProxy;
			containerPortal = 104D8024240573AF00001437 /* Project object */;
			proxyType = 1;
			remoteGlobalIDString = 104D802B240573AF00001437;
			remoteInfo = "Projet AWI - Mobile";
		};
		104D804E240573B100001437 /* PBXContainerItemProxy */ = {
			isa = PBXContainerItemProxy;
			containerPortal = 104D8024240573AF00001437 /* Project object */;
			proxyType = 1;
			remoteGlobalIDString = 104D802B240573AF00001437;
			remoteInfo = "Projet AWI - Mobile";
		};
/* End PBXContainerItemProxy section */

/* Begin PBXFileReference section */
		104D802C240573AF00001437 /* Projet AWI - Mobile.app */ = {isa = PBXFileReference; explicitFileType = wrapper.application; includeInIndex = 0; path = "Projet AWI - Mobile.app"; sourceTree = BUILT_PRODUCTS_DIR; };
		104D802F240573AF00001437 /* AppDelegate.swift */ = {isa = PBXFileReference; lastKnownFileType = sourcecode.swift; path = AppDelegate.swift; sourceTree = "<group>"; };
		104D8031240573AF00001437 /* SceneDelegate.swift */ = {isa = PBXFileReference; lastKnownFileType = sourcecode.swift; path = SceneDelegate.swift; sourceTree = "<group>"; };
		104D8033240573AF00001437 /* App.swift */ = {isa = PBXFileReference; lastKnownFileType = sourcecode.swift; path = App.swift; sourceTree = "<group>"; };
		104D8035240573B100001437 /* Assets.xcassets */ = {isa = PBXFileReference; lastKnownFileType = folder.assetcatalog; path = Assets.xcassets; sourceTree = "<group>"; };
		104D8038240573B100001437 /* Preview Assets.xcassets */ = {isa = PBXFileReference; lastKnownFileType = folder.assetcatalog; path = "Preview Assets.xcassets"; sourceTree = "<group>"; };
		104D803B240573B100001437 /* Base */ = {isa = PBXFileReference; lastKnownFileType = file.storyboard; name = Base; path = Base.lproj/LaunchScreen.storyboard; sourceTree = "<group>"; };
		104D803D240573B100001437 /* Info.plist */ = {isa = PBXFileReference; lastKnownFileType = text.plist.xml; path = Info.plist; sourceTree = "<group>"; };
		104D8042240573B100001437 /* Projet AWI - MobileTests.xctest */ = {isa = PBXFileReference; explicitFileType = wrapper.cfbundle; includeInIndex = 0; path = "Projet AWI - MobileTests.xctest"; sourceTree = BUILT_PRODUCTS_DIR; };
		104D8046240573B100001437 /* Projet_AWI___MobileTests.swift */ = {isa = PBXFileReference; lastKnownFileType = sourcecode.swift; path = "Projet_AWI___MobileTests.swift"; sourceTree = "<group>"; };
		104D8048240573B100001437 /* Info.plist */ = {isa = PBXFileReference; lastKnownFileType = text.plist.xml; path = Info.plist; sourceTree = "<group>"; };
		104D804D240573B100001437 /* Projet AWI - MobileUITests.xctest */ = {isa = PBXFileReference; explicitFileType = wrapper.cfbundle; includeInIndex = 0; path = "Projet AWI - MobileUITests.xctest"; sourceTree = BUILT_PRODUCTS_DIR; };
		104D8051240573B100001437 /* Projet_AWI___MobileUITests.swift */ = {isa = PBXFileReference; lastKnownFileType = sourcecode.swift; path = "Projet_AWI___MobileUITests.swift"; sourceTree = "<group>"; };
		104D8053240573B100001437 /* Info.plist */ = {isa = PBXFileReference; lastKnownFileType = text.plist.xml; path = Info.plist; sourceTree = "<group>"; };
		618D1A7924058B9B009D311D /* Logo.swift */ = {isa = PBXFileReference; lastKnownFileType = sourcecode.swift; path = Logo.swift; sourceTree = "<group>"; };
		618D1A7D24058E88009D311D /* Flame.jpg */ = {isa = PBXFileReference; lastKnownFileType = image.jpeg; path = Flame.jpg; sourceTree = "<group>"; };
		618D1A7E240590A7009D311D /* Form.swift */ = {isa = PBXFileReference; lastKnownFileType = sourcecode.swift; path = Form.swift; sourceTree = "<group>"; };
		618D1A812405D0BE009D311D /* RegisterView.swift */ = {isa = PBXFileReference; lastKnownFileType = sourcecode.swift; path = RegisterView.swift; sourceTree = "<group>"; };
/* End PBXFileReference section */

/* Begin PBXFrameworksBuildPhase section */
		104D8029240573AF00001437 /* Frameworks */ = {
			isa = PBXFrameworksBuildPhase;
			buildActionMask = 2147483647;
			files = (
			);
			runOnlyForDeploymentPostprocessing = 0;
		};
		104D803F240573B100001437 /* Frameworks */ = {
			isa = PBXFrameworksBuildPhase;
			buildActionMask = 2147483647;
			files = (
			);
			runOnlyForDeploymentPostprocessing = 0;
		};
		104D804A240573B100001437 /* Frameworks */ = {
			isa = PBXFrameworksBuildPhase;
			buildActionMask = 2147483647;
			files = (
			);
			runOnlyForDeploymentPostprocessing = 0;
		};
/* End PBXFrameworksBuildPhase section */

/* Begin PBXGroup section */
		104D8023240573AF00001437 = {
			isa = PBXGroup;
			children = (
				104D802E240573AF00001437 /* Projet AWI - Mobile */,
				104D8045240573B100001437 /* Projet AWI - MobileTests */,
				104D8050240573B100001437 /* Projet AWI - MobileUITests */,
				104D802D240573AF00001437 /* Products */,
			);
			sourceTree = "<group>";
		};
		104D802D240573AF00001437 /* Products */ = {
			isa = PBXGroup;
			children = (
				104D802C240573AF00001437 /* Projet AWI - Mobile.app */,
				104D8042240573B100001437 /* Projet AWI - MobileTests.xctest */,
				104D804D240573B100001437 /* Projet AWI - MobileUITests.xctest */,
			);
			name = Products;
			sourceTree = "<group>";
		};
		104D802E240573AF00001437 /* Projet AWI - Mobile */ = {
			isa = PBXGroup;
			children = (
				618D1A802405D07B009D311D /* Register */,
				618D1A7824058B6E009D311D /* Login */,
				104D802F240573AF00001437 /* AppDelegate.swift */,
				104D8031240573AF00001437 /* SceneDelegate.swift */,
				104D8033240573AF00001437 /* App.swift */,
				104D8035240573B100001437 /* Assets.xcassets */,
				618D1A7D24058E88009D311D /* Flame.jpg */,
				104D803A240573B100001437 /* LaunchScreen.storyboard */,
				104D803D240573B100001437 /* Info.plist */,
				104D8037240573B100001437 /* Preview Content */,
			);
			path = "Projet AWI - Mobile";
			sourceTree = "<group>";
		};
		104D8037240573B100001437 /* Preview Content */ = {
			isa = PBXGroup;
			children = (
				104D8038240573B100001437 /* Preview Assets.xcassets */,
			);
			path = "Preview Content";
			sourceTree = "<group>";
		};
		104D8045240573B100001437 /* Projet AWI - MobileTests */ = {
			isa = PBXGroup;
			children = (
				104D8046240573B100001437 /* Projet_AWI___MobileTests.swift */,
				104D8048240573B100001437 /* Info.plist */,
			);
			path = "Projet AWI - MobileTests";
			sourceTree = "<group>";
		};
		104D8050240573B100001437 /* Projet AWI - MobileUITests */ = {
			isa = PBXGroup;
			children = (
				104D8051240573B100001437 /* Projet_AWI___MobileUITests.swift */,
				104D8053240573B100001437 /* Info.plist */,
			);
			path = "Projet AWI - MobileUITests";
			sourceTree = "<group>";
		};
		618D1A7824058B6E009D311D /* Login */ = {
			isa = PBXGroup;
			children = (
				618D1A7924058B9B009D311D /* Logo.swift */,
				618D1A7E240590A7009D311D /* Form.swift */,
			);
			path = Login;
			sourceTree = "<group>";
		};
		618D1A802405D07B009D311D /* Register */ = {
			isa = PBXGroup;
			children = (
				618D1A812405D0BE009D311D /* RegisterView.swift */,
			);
			path = Register;
			sourceTree = "<group>";
		};
/* End PBXGroup section */

/* Begin PBXNativeTarget section */
		104D802B240573AF00001437 /* Projet AWI - Mobile */ = {
			isa = PBXNativeTarget;
			buildConfigurationList = 104D8056240573B100001437 /* Build configuration list for PBXNativeTarget "Projet AWI - Mobile" */;
			buildPhases = (
				104D8028240573AF00001437 /* Sources */,
				104D8029240573AF00001437 /* Frameworks */,
				104D802A240573AF00001437 /* Resources */,
			);
			buildRules = (
			);
			dependencies = (
			);
			name = "Projet AWI - Mobile";
			productName = "Projet AWI - Mobile";
			productReference = 104D802C240573AF00001437 /* Projet AWI - Mobile.app */;
			productType = "com.apple.product-type.application";
		};
		104D8041240573B100001437 /* Projet AWI - MobileTests */ = {
			isa = PBXNativeTarget;
			buildConfigurationList = 104D8059240573B100001437 /* Build configuration list for PBXNativeTarget "Projet AWI - MobileTests" */;
			buildPhases = (
				104D803E240573B100001437 /* Sources */,
				104D803F240573B100001437 /* Frameworks */,
				104D8040240573B100001437 /* Resources */,
			);
			buildRules = (
			);
			dependencies = (
				104D8044240573B100001437 /* PBXTargetDependency */,
			);
			name = "Projet AWI - MobileTests";
			productName = "Projet AWI - MobileTests";
			productReference = 104D8042240573B100001437 /* Projet AWI - MobileTests.xctest */;
			productType = "com.apple.product-type.bundle.unit-test";
		};
		104D804C240573B100001437 /* Projet AWI - MobileUITests */ = {
			isa = PBXNativeTarget;
			buildConfigurationList = 104D805C240573B100001437 /* Build configuration list for PBXNativeTarget "Projet AWI - MobileUITests" */;
			buildPhases = (
				104D8049240573B100001437 /* Sources */,
				104D804A240573B100001437 /* Frameworks */,
				104D804B240573B100001437 /* Resources */,
			);
			buildRules = (
			);
			dependencies = (
				104D804F240573B100001437 /* PBXTargetDependency */,
			);
			name = "Projet AWI - MobileUITests";
			productName = "Projet AWI - MobileUITests";
			productReference = 104D804D240573B100001437 /* Projet AWI - MobileUITests.xctest */;
			productType = "com.apple.product-type.bundle.ui-testing";
		};
/* End PBXNativeTarget section */

/* Begin PBXProject section */
		104D8024240573AF00001437 /* Project object */ = {
			isa = PBXProject;
			attributes = {
				LastSwiftUpdateCheck = 1130;
				LastUpgradeCheck = 1130;
				ORGANIZATIONNAME = "Remy McConnell";
				TargetAttributes = {
					104D802B240573AF00001437 = {
						CreatedOnToolsVersion = 11.3.1;
					};
					104D8041240573B100001437 = {
						CreatedOnToolsVersion = 11.3.1;
						TestTargetID = 104D802B240573AF00001437;
					};
					104D804C240573B100001437 = {
						CreatedOnToolsVersion = 11.3.1;
						TestTargetID = 104D802B240573AF00001437;
					};
				};
			};
			buildConfigurationList = 104D8027240573AF00001437 /* Build configuration list for PBXProject "Projet AWI - Mobile" */;
			compatibilityVersion = "Xcode 9.3";
			developmentRegion = en;
			hasScannedForEncodings = 0;
			knownRegions = (
				en,
				Base,
			);
			mainGroup = 104D8023240573AF00001437;
			productRefGroup = 104D802D240573AF00001437 /* Products */;
			projectDirPath = "";
			projectRoot = "";
			targets = (
				104D802B240573AF00001437 /* Projet AWI - Mobile */,
				104D8041240573B100001437 /* Projet AWI - MobileTests */,
				104D804C240573B100001437 /* Projet AWI - MobileUITests */,
			);
		};
/* End PBXProject section */

/* Begin PBXResourcesBuildPhase section */
		104D802A240573AF00001437 /* Resources */ = {
			isa = PBXResourcesBuildPhase;
			buildActionMask = 2147483647;
			files = (
				104D803C240573B100001437 /* LaunchScreen.storyboard in Resources */,
				104D8039240573B100001437 /* Preview Assets.xcassets in Resources */,
				104D8036240573B100001437 /* Assets.xcassets in Resources */,
			);
			runOnlyForDeploymentPostprocessing = 0;
		};
		104D8040240573B100001437 /* Resources */ = {
			isa = PBXResourcesBuildPhase;
			buildActionMask = 2147483647;
			files = (
			);
			runOnlyForDeploymentPostprocessing = 0;
		};
		104D804B240573B100001437 /* Resources */ = {
			isa = PBXResourcesBuildPhase;
			buildActionMask = 2147483647;
			files = (
			);
			runOnlyForDeploymentPostprocessing = 0;
		};
/* End PBXResourcesBuildPhase section */

/* Begin PBXSourcesBuildPhase section */
		104D8028240573AF00001437 /* Sources */ = {
			isa = PBXSourcesBuildPhase;
			buildActionMask = 2147483647;
			files = (
				104D8030240573AF00001437 /* AppDelegate.swift in Sources */,
				104D8032240573AF00001437 /* SceneDelegate.swift in Sources */,
				618D1A7F240590A7009D311D /* Form.swift in Sources */,
				618D1A822405D0BE009D311D /* RegisterView.swift in Sources */,
				618D1A7A24058B9B009D311D /* Logo.swift in Sources */,
				104D8034240573AF00001437 /* App.swift in Sources */,
			);
			runOnlyForDeploymentPostprocessing = 0;
		};
		104D803E240573B100001437 /* Sources */ = {
			isa = PBXSourcesBuildPhase;
			buildActionMask = 2147483647;
			files = (
				104D8047240573B100001437 /* Projet_AWI___MobileTests.swift in Sources */,
			);
			runOnlyForDeploymentPostprocessing = 0;
		};
		104D8049240573B100001437 /* Sources */ = {
			isa = PBXSourcesBuildPhase;
			buildActionMask = 2147483647;
			files = (
				104D8052240573B100001437 /* Projet_AWI___MobileUITests.swift in Sources */,
			);
			runOnlyForDeploymentPostprocessing = 0;
		};
/* End PBXSourcesBuildPhase section */

/* Begin PBXTargetDependency section */
		104D8044240573B100001437 /* PBXTargetDependency */ = {
			isa = PBXTargetDependency;
			target = 104D802B240573AF00001437 /* Projet AWI - Mobile */;
			targetProxy = 104D8043240573B100001437 /* PBXContainerItemProxy */;
		};
		104D804F240573B100001437 /* PBXTargetDependency */ = {
			isa = PBXTargetDependency;
			target = 104D802B240573AF00001437 /* Projet AWI - Mobile */;
			targetProxy = 104D804E240573B100001437 /* PBXContainerItemProxy */;
		};
/* End PBXTargetDependency section */

/* Begin PBXVariantGroup section */
		104D803A240573B100001437 /* LaunchScreen.storyboard */ = {
			isa = PBXVariantGroup;
			children = (
				104D803B240573B100001437 /* Base */,
			);
			name = LaunchScreen.storyboard;
			sourceTree = "<group>";
		};
/* End PBXVariantGroup section */

/* Begin XCBuildConfiguration section */
		104D8054240573B100001437 /* Debug */ = {
			isa = XCBuildConfiguration;
			buildSettings = {
				ALWAYS_SEARCH_USER_PATHS = NO;
				CLANG_ANALYZER_NONNULL = YES;
				CLANG_ANALYZER_NUMBER_OBJECT_CONVERSION = YES_AGGRESSIVE;
				CLANG_CXX_LANGUAGE_STANDARD = "gnu++14";
				CLANG_CXX_LIBRARY = "libc++";
				CLANG_ENABLE_MODULES = YES;
				CLANG_ENABLE_OBJC_ARC = YES;
				CLANG_ENABLE_OBJC_WEAK = YES;
				CLANG_WARN_BLOCK_CAPTURE_AUTORELEASING = YES;
				CLANG_WARN_BOOL_CONVERSION = YES;
				CLANG_WARN_COMMA = YES;
				CLANG_WARN_CONSTANT_CONVERSION = YES;
				CLANG_WARN_DEPRECATED_OBJC_IMPLEMENTATIONS = YES;
				CLANG_WARN_DIRECT_OBJC_ISA_USAGE = YES_ERROR;
				CLANG_WARN_DOCUMENTATION_COMMENTS = YES;
				CLANG_WARN_EMPTY_BODY = YES;
				CLANG_WARN_ENUM_CONVERSION = YES;
				CLANG_WARN_INFINITE_RECURSION = YES;
				CLANG_WARN_INT_CONVERSION = YES;
				CLANG_WARN_NON_LITERAL_NULL_CONVERSION = YES;
				CLANG_WARN_OBJC_IMPLICIT_RETAIN_SELF = YES;
				CLANG_WARN_OBJC_LITERAL_CONVERSION = YES;
				CLANG_WARN_OBJC_ROOT_CLASS = YES_ERROR;
				CLANG_WARN_RANGE_LOOP_ANALYSIS = YES;
				CLANG_WARN_STRICT_PROTOTYPES = YES;
				CLANG_WARN_SUSPICIOUS_MOVE = YES;
				CLANG_WARN_UNGUARDED_AVAILABILITY = YES_AGGRESSIVE;
				CLANG_WARN_UNREACHABLE_CODE = YES;
				CLANG_WARN__DUPLICATE_METHOD_MATCH = YES;
				COPY_PHASE_STRIP = NO;
				DEBUG_INFORMATION_FORMAT = dwarf;
				ENABLE_STRICT_OBJC_MSGSEND = YES;
				ENABLE_TESTABILITY = YES;
				GCC_C_LANGUAGE_STANDARD = gnu11;
				GCC_DYNAMIC_NO_PIC = NO;
				GCC_NO_COMMON_BLOCKS = YES;
				GCC_OPTIMIZATION_LEVEL = 0;
				GCC_PREPROCESSOR_DEFINITIONS = (
					"DEBUG=1",
					"$(inherited)",
				);
				GCC_WARN_64_TO_32_BIT_CONVERSION = YES;
				GCC_WARN_ABOUT_RETURN_TYPE = YES_ERROR;
				GCC_WARN_UNDECLARED_SELECTOR = YES;
				GCC_WARN_UNINITIALIZED_AUTOS = YES_AGGRESSIVE;
				GCC_WARN_UNUSED_FUNCTION = YES;
				GCC_WARN_UNUSED_VARIABLE = YES;
				IPHONEOS_DEPLOYMENT_TARGET = 13.2;
				MTL_ENABLE_DEBUG_INFO = INCLUDE_SOURCE;
				MTL_FAST_MATH = YES;
				ONLY_ACTIVE_ARCH = YES;
				SDKROOT = iphoneos;
				SWIFT_ACTIVE_COMPILATION_CONDITIONS = DEBUG;
				SWIFT_OPTIMIZATION_LEVEL = "-Onone";
			};
			name = Debug;
		};
		104D8055240573B100001437 /* Release */ = {
			isa = XCBuildConfiguration;
			buildSettings = {
				ALWAYS_SEARCH_USER_PATHS = NO;
				CLANG_ANALYZER_NONNULL = YES;
				CLANG_ANALYZER_NUMBER_OBJECT_CONVERSION = YES_AGGRESSIVE;
				CLANG_CXX_LANGUAGE_STANDARD = "gnu++14";
				CLANG_CXX_LIBRARY = "libc++";
				CLANG_ENABLE_MODULES = YES;
				CLANG_ENABLE_OBJC_ARC = YES;
				CLANG_ENABLE_OBJC_WEAK = YES;
				CLANG_WARN_BLOCK_CAPTURE_AUTORELEASING = YES;
				CLANG_WARN_BOOL_CONVERSION = YES;
				CLANG_WARN_COMMA = YES;
				CLANG_WARN_CONSTANT_CONVERSION = YES;
				CLANG_WARN_DEPRECATED_OBJC_IMPLEMENTATIONS = YES;
				CLANG_WARN_DIRECT_OBJC_ISA_USAGE = YES_ERROR;
				CLANG_WARN_DOCUMENTATION_COMMENTS = YES;
				CLANG_WARN_EMPTY_BODY = YES;
				CLANG_WARN_ENUM_CONVERSION = YES;
				CLANG_WARN_INFINITE_RECURSION = YES;
				CLANG_WARN_INT_CONVERSION = YES;
				CLANG_WARN_NON_LITERAL_NULL_CONVERSION = YES;
				CLANG_WARN_OBJC_IMPLICIT_RETAIN_SELF = YES;
				CLANG_WARN_OBJC_LITERAL_CONVERSION = YES;
				CLANG_WARN_OBJC_ROOT_CLASS = YES_ERROR;
				CLANG_WARN_RANGE_LOOP_ANALYSIS = YES;
				CLANG_WARN_STRICT_PROTOTYPES = YES;
				CLANG_WARN_SUSPICIOUS_MOVE = YES;
				CLANG_WARN_UNGUARDED_AVAILABILITY = YES_AGGRESSIVE;
				CLANG_WARN_UNREACHABLE_CODE = YES;
				CLANG_WARN__DUPLICATE_METHOD_MATCH = YES;
				COPY_PHASE_STRIP = NO;
				DEBUG_INFORMATION_FORMAT = "dwarf-with-dsym";
				ENABLE_NS_ASSERTIONS = NO;
				ENABLE_STRICT_OBJC_MSGSEND = YES;
				GCC_C_LANGUAGE_STANDARD = gnu11;
				GCC_NO_COMMON_BLOCKS = YES;
				GCC_WARN_64_TO_32_BIT_CONVERSION = YES;
				GCC_WARN_ABOUT_RETURN_TYPE = YES_ERROR;
				GCC_WARN_UNDECLARED_SELECTOR = YES;
				GCC_WARN_UNINITIALIZED_AUTOS = YES_AGGRESSIVE;
				GCC_WARN_UNUSED_FUNCTION = YES;
				GCC_WARN_UNUSED_VARIABLE = YES;
				IPHONEOS_DEPLOYMENT_TARGET = 13.2;
				MTL_ENABLE_DEBUG_INFO = NO;
				MTL_FAST_MATH = YES;
				SDKROOT = iphoneos;
				SWIFT_COMPILATION_MODE = wholemodule;
				SWIFT_OPTIMIZATION_LEVEL = "-O";
				VALIDATE_PRODUCT = YES;
			};
			name = Release;
		};
		104D8057240573B100001437 /* Debug */ = {
			isa = XCBuildConfiguration;
			buildSettings = {
				ASSETCATALOG_COMPILER_APPICON_NAME = AppIcon;
				CODE_SIGN_STYLE = Automatic;
				DEVELOPMENT_ASSET_PATHS = "\"Projet AWI - Mobile/Preview Content\"";
				DEVELOPMENT_TEAM = 8D248FM94K;
				ENABLE_PREVIEWS = YES;
				INFOPLIST_FILE = "Projet AWI - Mobile/Info.plist";
				LD_RUNPATH_SEARCH_PATHS = (
					"$(inherited)",
					"@executable_path/Frameworks",
				);
				PRODUCT_BUNDLE_IDENTIFIER = "RM.Projet-AWI---Mobile";
				PRODUCT_NAME = "$(TARGET_NAME)";
				SWIFT_VERSION = 5.0;
				TARGETED_DEVICE_FAMILY = "1,2";
			};
			name = Debug;
		};
		104D8058240573B100001437 /* Release */ = {
			isa = XCBuildConfiguration;
			buildSettings = {
				ASSETCATALOG_COMPILER_APPICON_NAME = AppIcon;
				CODE_SIGN_STYLE = Automatic;
				DEVELOPMENT_ASSET_PATHS = "\"Projet AWI - Mobile/Preview Content\"";
				DEVELOPMENT_TEAM = 8D248FM94K;
				ENABLE_PREVIEWS = YES;
				INFOPLIST_FILE = "Projet AWI - Mobile/Info.plist";
				LD_RUNPATH_SEARCH_PATHS = (
					"$(inherited)",
					"@executable_path/Frameworks",
				);
				PRODUCT_BUNDLE_IDENTIFIER = "RM.Projet-AWI---Mobile";
				PRODUCT_NAME = "$(TARGET_NAME)";
				SWIFT_VERSION = 5.0;
				TARGETED_DEVICE_FAMILY = "1,2";
			};
			name = Release;
		};
		104D805A240573B100001437 /* Debug */ = {
			isa = XCBuildConfiguration;
			buildSettings = {
				ALWAYS_EMBED_SWIFT_STANDARD_LIBRARIES = YES;
				BUNDLE_LOADER = "$(TEST_HOST)";
				CODE_SIGN_STYLE = Automatic;
				DEVELOPMENT_TEAM = 8D248FM94K;
				INFOPLIST_FILE = "Projet AWI - MobileTests/Info.plist";
				IPHONEOS_DEPLOYMENT_TARGET = 13.2;
				LD_RUNPATH_SEARCH_PATHS = (
					"$(inherited)",
					"@executable_path/Frameworks",
					"@loader_path/Frameworks",
				);
				PRODUCT_BUNDLE_IDENTIFIER = "RM.Projet-AWI---MobileTests";
				PRODUCT_NAME = "$(TARGET_NAME)";
				SWIFT_VERSION = 5.0;
				TARGETED_DEVICE_FAMILY = "1,2";
				TEST_HOST = "$(BUILT_PRODUCTS_DIR)/Projet AWI - Mobile.app/Projet AWI - Mobile";
			};
			name = Debug;
		};
		104D805B240573B100001437 /* Release */ = {
			isa = XCBuildConfiguration;
			buildSettings = {
				ALWAYS_EMBED_SWIFT_STANDARD_LIBRARIES = YES;
				BUNDLE_LOADER = "$(TEST_HOST)";
				CODE_SIGN_STYLE = Automatic;
				DEVELOPMENT_TEAM = 8D248FM94K;
				INFOPLIST_FILE = "Projet AWI - MobileTests/Info.plist";
				IPHONEOS_DEPLOYMENT_TARGET = 13.2;
				LD_RUNPATH_SEARCH_PATHS = (
					"$(inherited)",
					"@executable_path/Frameworks",
					"@loader_path/Frameworks",
				);
				PRODUCT_BUNDLE_IDENTIFIER = "RM.Projet-AWI---MobileTests";
				PRODUCT_NAME = "$(TARGET_NAME)";
				SWIFT_VERSION = 5.0;
				TARGETED_DEVICE_FAMILY = "1,2";
				TEST_HOST = "$(BUILT_PRODUCTS_DIR)/Projet AWI - Mobile.app/Projet AWI - Mobile";
			};
			name = Release;
		};
		104D805D240573B100001437 /* Debug */ = {
			isa = XCBuildConfiguration;
			buildSettings = {
				ALWAYS_EMBED_SWIFT_STANDARD_LIBRARIES = YES;
				CODE_SIGN_STYLE = Automatic;
				DEVELOPMENT_TEAM = 8D248FM94K;
				INFOPLIST_FILE = "Projet AWI - MobileUITests/Info.plist";
				LD_RUNPATH_SEARCH_PATHS = (
					"$(inherited)",
					"@executable_path/Frameworks",
					"@loader_path/Frameworks",
				);
				PRODUCT_BUNDLE_IDENTIFIER = "RM.Projet-AWI---MobileUITests";
				PRODUCT_NAME = "$(TARGET_NAME)";
				SWIFT_VERSION = 5.0;
				TARGETED_DEVICE_FAMILY = "1,2";
				TEST_TARGET_NAME = "Projet AWI - Mobile";
			};
			name = Debug;
		};
		104D805E240573B100001437 /* Release */ = {
			isa = XCBuildConfiguration;
			buildSettings = {
				ALWAYS_EMBED_SWIFT_STANDARD_LIBRARIES = YES;
				CODE_SIGN_STYLE = Automatic;
				DEVELOPMENT_TEAM = 8D248FM94K;
				INFOPLIST_FILE = "Projet AWI - MobileUITests/Info.plist";
				LD_RUNPATH_SEARCH_PATHS = (
					"$(inherited)",
					"@executable_path/Frameworks",
					"@loader_path/Frameworks",
				);
				PRODUCT_BUNDLE_IDENTIFIER = "RM.Projet-AWI---MobileUITests";
				PRODUCT_NAME = "$(TARGET_NAME)";
				SWIFT_VERSION = 5.0;
				TARGETED_DEVICE_FAMILY = "1,2";
				TEST_TARGET_NAME = "Projet AWI - Mobile";
			};
			name = Release;
		};
/* End XCBuildConfiguration section */

/* Begin XCConfigurationList section */
		104D8027240573AF00001437 /* Build configuration list for PBXProject "Projet AWI - Mobile" */ = {
			isa = XCConfigurationList;
			buildConfigurations = (
				104D8054240573B100001437 /* Debug */,
				104D8055240573B100001437 /* Release */,
			);
			defaultConfigurationIsVisible = 0;
			defaultConfigurationName = Release;
		};
		104D8056240573B100001437 /* Build configuration list for PBXNativeTarget "Projet AWI - Mobile" */ = {
			isa = XCConfigurationList;
			buildConfigurations = (
				104D8057240573B100001437 /* Debug */,
				104D8058240573B100001437 /* Release */,
			);
			defaultConfigurationIsVisible = 0;
			defaultConfigurationName = Release;
		};
		104D8059240573B100001437 /* Build configuration list for PBXNativeTarget "Projet AWI - MobileTests" */ = {
			isa = XCConfigurationList;
			buildConfigurations = (
				104D805A240573B100001437 /* Debug */,
				104D805B240573B100001437 /* Release */,
			);
			defaultConfigurationIsVisible = 0;
			defaultConfigurationName = Release;
		};
		104D805C240573B100001437 /* Build configuration list for PBXNativeTarget "Projet AWI - MobileUITests" */ = {
			isa = XCConfigurationList;
			buildConfigurations = (
				104D805D240573B100001437 /* Debug */,
				104D805E240573B100001437 /* Release */,
			);
			defaultConfigurationIsVisible = 0;
			defaultConfigurationName = Release;
		};
/* End XCConfigurationList section */
	};
	rootObject = 104D8024240573AF00001437 /* Project object */;
}
